// !$*UTF8*$!
{
	archiveVersion = 1;
	classes = {
	};
	objectVersion = 50;
	objects = {

/* Begin PBXBuildFile section */
		CC6997DE2879490400D1320A /* AppDelegate.swift in Sources */ = {isa = PBXBuildFile; fileRef = CC6997DD2879490400D1320A /* AppDelegate.swift */; };
		CC6997E02879490400D1320A /* SceneDelegate.swift in Sources */ = {isa = PBXBuildFile; fileRef = CC6997DF2879490400D1320A /* SceneDelegate.swift */; };
		CC6997E52879490400D1320A /* Main.storyboard in Resources */ = {isa = PBXBuildFile; fileRef = CC6997E32879490400D1320A /* Main.storyboard */; };
		CC6997E82879490400D1320A /* Favourite_Movies.xcdatamodeld in Sources */ = {isa = PBXBuildFile; fileRef = CC6997E62879490400D1320A /* Favourite_Movies.xcdatamodeld */; };
		CC6997EA2879490A00D1320A /* Assets.xcassets in Resources */ = {isa = PBXBuildFile; fileRef = CC6997E92879490A00D1320A /* Assets.xcassets */; };
		CC6997ED2879490A00D1320A /* LaunchScreen.storyboard in Resources */ = {isa = PBXBuildFile; fileRef = CC6997EB2879490A00D1320A /* LaunchScreen.storyboard */; };
		CC6997F82879490A00D1320A /* Favourite_MoviesTests.swift in Sources */ = {isa = PBXBuildFile; fileRef = CC6997F72879490A00D1320A /* Favourite_MoviesTests.swift */; };
		CC6998032879490A00D1320A /* Favourite_MoviesUITests.swift in Sources */ = {isa = PBXBuildFile; fileRef = CC6998022879490A00D1320A /* Favourite_MoviesUITests.swift */; };
		CC69981A28794C5D00D1320A /* MovieListingViewController.swift in Sources */ = {isa = PBXBuildFile; fileRef = CC69981928794C5D00D1320A /* MovieListingViewController.swift */; };
		CC69982D28794F7100D1320A /* UIStoryBoard+Extension.swift in Sources */ = {isa = PBXBuildFile; fileRef = CC69982C28794F7100D1320A /* UIStoryBoard+Extension.swift */; };
		CC69983528794FBD00D1320A /* UIViewController+Extension.swift in Sources */ = {isa = PBXBuildFile; fileRef = CC69983428794FBD00D1320A /* UIViewController+Extension.swift */; };
		CC69983A2879504900D1320A /* String+Extension.swift in Sources */ = {isa = PBXBuildFile; fileRef = CC6998392879504900D1320A /* String+Extension.swift */; };
		CC6998402879509E00D1320A /* DynamicImageView.swift in Sources */ = {isa = PBXBuildFile; fileRef = CC69983F2879509E00D1320A /* DynamicImageView.swift */; };
		CC6998482879527000D1320A /* NetworkManager.swift in Sources */ = {isa = PBXBuildFile; fileRef = CC6998472879527000D1320A /* NetworkManager.swift */; };
		CC69984D2879529200D1320A /* ResponseHandler.swift in Sources */ = {isa = PBXBuildFile; fileRef = CC69984C2879529200D1320A /* ResponseHandler.swift */; };
		CC699852287952A800D1320A /* APIHandler.swift in Sources */ = {isa = PBXBuildFile; fileRef = CC699851287952A800D1320A /* APIHandler.swift */; };
		CC699857287952DF00D1320A /* RequestModel.swift in Sources */ = {isa = PBXBuildFile; fileRef = CC699856287952DF00D1320A /* RequestModel.swift */; };
		CC69985C287952F900D1320A /* ErrorModel.swift in Sources */ = {isa = PBXBuildFile; fileRef = CC69985B287952F900D1320A /* ErrorModel.swift */; };
		CC6998612879531600D1320A /* BaseViewModel.swift in Sources */ = {isa = PBXBuildFile; fileRef = CC6998602879531600D1320A /* BaseViewModel.swift */; };
		CC6998662879534C00D1320A /* Bindable.swift in Sources */ = {isa = PBXBuildFile; fileRef = CC6998652879534C00D1320A /* Bindable.swift */; };
		CC69986B2879538700D1320A /* Constant.swift in Sources */ = {isa = PBXBuildFile; fileRef = CC69986A2879538700D1320A /* Constant.swift */; };
		CC6998702879539E00D1320A /* API.swift in Sources */ = {isa = PBXBuildFile; fileRef = CC69986F2879539E00D1320A /* API.swift */; };
		CC6998782879B40E00D1320A /* MovieListingViewModel.swift in Sources */ = {isa = PBXBuildFile; fileRef = CC6998772879B40E00D1320A /* MovieListingViewModel.swift */; };
		CC69987D2879B86300D1320A /* MovieList.swift in Sources */ = {isa = PBXBuildFile; fileRef = CC69987C2879B86300D1320A /* MovieList.swift */; };
		CC6998832879BB3F00D1320A /* MovieServiceManager.swift in Sources */ = {isa = PBXBuildFile; fileRef = CC6998822879BB3F00D1320A /* MovieServiceManager.swift */; };
		CC69988A2879BBBD00D1320A /* MoviesListRequestModel.swift in Sources */ = {isa = PBXBuildFile; fileRef = CC6998892879BBBD00D1320A /* MoviesListRequestModel.swift */; };
		CC69988F2879C04700D1320A /* MovieDescrptionCell.xib in Resources */ = {isa = PBXBuildFile; fileRef = CC69988E2879C04700D1320A /* MovieDescrptionCell.xib */; };
		CC6998942879C05400D1320A /* MovieDescrptionCell.swift in Sources */ = {isa = PBXBuildFile; fileRef = CC6998932879C05400D1320A /* MovieDescrptionCell.swift */; };
		CC6998A22879D69700D1320A /* MovieDetailViewController.swift in Sources */ = {isa = PBXBuildFile; fileRef = CC6998A12879D69700D1320A /* MovieDetailViewController.swift */; };
		CC6998A72879D6C700D1320A /* MovieDetailViewModel.swift in Sources */ = {isa = PBXBuildFile; fileRef = CC6998A62879D6C700D1320A /* MovieDetailViewModel.swift */; };
		CC8B69C9287A84FB0099FAF6 /* MovieDetailRequestModel.swift in Sources */ = {isa = PBXBuildFile; fileRef = CC8B69C8287A84FB0099FAF6 /* MovieDetailRequestModel.swift */; };
		CC8B69CE287A85F50099FAF6 /* MovieDetails.swift in Sources */ = {isa = PBXBuildFile; fileRef = CC8B69CD287A85F50099FAF6 /* MovieDetails.swift */; };
		CC8B69D3287AAE490099FAF6 /* InternetConnectionManager.swift in Sources */ = {isa = PBXBuildFile; fileRef = CC8B69D2287AAE490099FAF6 /* InternetConnectionManager.swift */; };
		CC8B69E5287AB2AF0099FAF6 /* PersistanceService.swift in Sources */ = {isa = PBXBuildFile; fileRef = CC8B69E4287AB2AF0099FAF6 /* PersistanceService.swift */; };
/* End PBXBuildFile section */

/* Begin PBXContainerItemProxy section */
		CC6997F42879490A00D1320A /* PBXContainerItemProxy */ = {
			isa = PBXContainerItemProxy;
			containerPortal = CC6997D22879490400D1320A /* Project object */;
			proxyType = 1;
			remoteGlobalIDString = CC6997D92879490400D1320A;
			remoteInfo = "Favourite Movies";
		};
		CC6997FF2879490A00D1320A /* PBXContainerItemProxy */ = {
			isa = PBXContainerItemProxy;
			containerPortal = CC6997D22879490400D1320A /* Project object */;
			proxyType = 1;
			remoteGlobalIDString = CC6997D92879490400D1320A;
			remoteInfo = "Favourite Movies";
		};
/* End PBXContainerItemProxy section */

/* Begin PBXFileReference section */
		CC6997DA2879490400D1320A /* Favourite Movies.app */ = {isa = PBXFileReference; explicitFileType = wrapper.application; includeInIndex = 0; path = "Favourite Movies.app"; sourceTree = BUILT_PRODUCTS_DIR; };
		CC6997DD2879490400D1320A /* AppDelegate.swift */ = {isa = PBXFileReference; lastKnownFileType = sourcecode.swift; path = AppDelegate.swift; sourceTree = "<group>"; };
		CC6997DF2879490400D1320A /* SceneDelegate.swift */ = {isa = PBXFileReference; lastKnownFileType = sourcecode.swift; path = SceneDelegate.swift; sourceTree = "<group>"; };
		CC6997E42879490400D1320A /* Base */ = {isa = PBXFileReference; lastKnownFileType = file.storyboard; name = Base; path = Base.lproj/Main.storyboard; sourceTree = "<group>"; };
		CC6997E72879490400D1320A /* Favourite_Movies.xcdatamodel */ = {isa = PBXFileReference; lastKnownFileType = wrapper.xcdatamodel; path = Favourite_Movies.xcdatamodel; sourceTree = "<group>"; };
		CC6997E92879490A00D1320A /* Assets.xcassets */ = {isa = PBXFileReference; lastKnownFileType = folder.assetcatalog; path = Assets.xcassets; sourceTree = "<group>"; };
		CC6997EC2879490A00D1320A /* Base */ = {isa = PBXFileReference; lastKnownFileType = file.storyboard; name = Base; path = Base.lproj/LaunchScreen.storyboard; sourceTree = "<group>"; };
		CC6997EE2879490A00D1320A /* Info.plist */ = {isa = PBXFileReference; lastKnownFileType = text.plist.xml; path = Info.plist; sourceTree = "<group>"; };
		CC6997F32879490A00D1320A /* Favourite MoviesTests.xctest */ = {isa = PBXFileReference; explicitFileType = wrapper.cfbundle; includeInIndex = 0; path = "Favourite MoviesTests.xctest"; sourceTree = BUILT_PRODUCTS_DIR; };
		CC6997F72879490A00D1320A /* Favourite_MoviesTests.swift */ = {isa = PBXFileReference; lastKnownFileType = sourcecode.swift; path = Favourite_MoviesTests.swift; sourceTree = "<group>"; };
		CC6997F92879490A00D1320A /* Info.plist */ = {isa = PBXFileReference; lastKnownFileType = text.plist.xml; path = Info.plist; sourceTree = "<group>"; };
		CC6997FE2879490A00D1320A /* Favourite MoviesUITests.xctest */ = {isa = PBXFileReference; explicitFileType = wrapper.cfbundle; includeInIndex = 0; path = "Favourite MoviesUITests.xctest"; sourceTree = BUILT_PRODUCTS_DIR; };
		CC6998022879490A00D1320A /* Favourite_MoviesUITests.swift */ = {isa = PBXFileReference; lastKnownFileType = sourcecode.swift; path = Favourite_MoviesUITests.swift; sourceTree = "<group>"; };
		CC6998042879490A00D1320A /* Info.plist */ = {isa = PBXFileReference; lastKnownFileType = text.plist.xml; path = Info.plist; sourceTree = "<group>"; };
		CC69981928794C5D00D1320A /* MovieListingViewController.swift */ = {isa = PBXFileReference; lastKnownFileType = sourcecode.swift; path = MovieListingViewController.swift; sourceTree = "<group>"; };
		CC69982C28794F7100D1320A /* UIStoryBoard+Extension.swift */ = {isa = PBXFileReference; lastKnownFileType = sourcecode.swift; path = "UIStoryBoard+Extension.swift"; sourceTree = "<group>"; };
		CC69983428794FBD00D1320A /* UIViewController+Extension.swift */ = {isa = PBXFileReference; lastKnownFileType = sourcecode.swift; path = "UIViewController+Extension.swift"; sourceTree = "<group>"; };
		CC6998392879504900D1320A /* String+Extension.swift */ = {isa = PBXFileReference; lastKnownFileType = sourcecode.swift; path = "String+Extension.swift"; sourceTree = "<group>"; };
		CC69983F2879509E00D1320A /* DynamicImageView.swift */ = {isa = PBXFileReference; lastKnownFileType = sourcecode.swift; path = DynamicImageView.swift; sourceTree = "<group>"; };
		CC6998472879527000D1320A /* NetworkManager.swift */ = {isa = PBXFileReference; lastKnownFileType = sourcecode.swift; path = NetworkManager.swift; sourceTree = "<group>"; };
		CC69984C2879529200D1320A /* ResponseHandler.swift */ = {isa = PBXFileReference; lastKnownFileType = sourcecode.swift; path = ResponseHandler.swift; sourceTree = "<group>"; };
		CC699851287952A800D1320A /* APIHandler.swift */ = {isa = PBXFileReference; lastKnownFileType = sourcecode.swift; path = APIHandler.swift; sourceTree = "<group>"; };
		CC699856287952DF00D1320A /* RequestModel.swift */ = {isa = PBXFileReference; lastKnownFileType = sourcecode.swift; path = RequestModel.swift; sourceTree = "<group>"; };
		CC69985B287952F900D1320A /* ErrorModel.swift */ = {isa = PBXFileReference; lastKnownFileType = sourcecode.swift; path = ErrorModel.swift; sourceTree = "<group>"; };
		CC6998602879531600D1320A /* BaseViewModel.swift */ = {isa = PBXFileReference; lastKnownFileType = sourcecode.swift; path = BaseViewModel.swift; sourceTree = "<group>"; };
		CC6998652879534C00D1320A /* Bindable.swift */ = {isa = PBXFileReference; lastKnownFileType = sourcecode.swift; path = Bindable.swift; sourceTree = "<group>"; };
		CC69986A2879538700D1320A /* Constant.swift */ = {isa = PBXFileReference; lastKnownFileType = sourcecode.swift; path = Constant.swift; sourceTree = "<group>"; };
		CC69986F2879539E00D1320A /* API.swift */ = {isa = PBXFileReference; lastKnownFileType = sourcecode.swift; path = API.swift; sourceTree = "<group>"; };
		CC6998772879B40E00D1320A /* MovieListingViewModel.swift */ = {isa = PBXFileReference; lastKnownFileType = sourcecode.swift; path = MovieListingViewModel.swift; sourceTree = "<group>"; };
		CC69987C2879B86300D1320A /* MovieList.swift */ = {isa = PBXFileReference; lastKnownFileType = sourcecode.swift; path = MovieList.swift; sourceTree = "<group>"; };
		CC6998822879BB3F00D1320A /* MovieServiceManager.swift */ = {isa = PBXFileReference; lastKnownFileType = sourcecode.swift; path = MovieServiceManager.swift; sourceTree = "<group>"; };
		CC6998892879BBBD00D1320A /* MoviesListRequestModel.swift */ = {isa = PBXFileReference; lastKnownFileType = sourcecode.swift; path = MoviesListRequestModel.swift; sourceTree = "<group>"; };
		CC69988E2879C04700D1320A /* MovieDescrptionCell.xib */ = {isa = PBXFileReference; lastKnownFileType = file.xib; path = MovieDescrptionCell.xib; sourceTree = "<group>"; };
		CC6998932879C05400D1320A /* MovieDescrptionCell.swift */ = {isa = PBXFileReference; lastKnownFileType = sourcecode.swift; path = MovieDescrptionCell.swift; sourceTree = "<group>"; };
		CC6998A12879D69700D1320A /* MovieDetailViewController.swift */ = {isa = PBXFileReference; lastKnownFileType = sourcecode.swift; path = MovieDetailViewController.swift; sourceTree = "<group>"; };
		CC6998A62879D6C700D1320A /* MovieDetailViewModel.swift */ = {isa = PBXFileReference; lastKnownFileType = sourcecode.swift; path = MovieDetailViewModel.swift; sourceTree = "<group>"; };
		CC8B69C8287A84FB0099FAF6 /* MovieDetailRequestModel.swift */ = {isa = PBXFileReference; lastKnownFileType = sourcecode.swift; path = MovieDetailRequestModel.swift; sourceTree = "<group>"; };
		CC8B69CD287A85F50099FAF6 /* MovieDetails.swift */ = {isa = PBXFileReference; lastKnownFileType = sourcecode.swift; path = MovieDetails.swift; sourceTree = "<group>"; };
		CC8B69D2287AAE490099FAF6 /* InternetConnectionManager.swift */ = {isa = PBXFileReference; lastKnownFileType = sourcecode.swift; path = InternetConnectionManager.swift; sourceTree = "<group>"; };
		CC8B69E4287AB2AF0099FAF6 /* PersistanceService.swift */ = {isa = PBXFileReference; lastKnownFileType = sourcecode.swift; path = PersistanceService.swift; sourceTree = "<group>"; };
/* End PBXFileReference section */

/* Begin PBXFrameworksBuildPhase section */
		CC6997D72879490400D1320A /* Frameworks */ = {
			isa = PBXFrameworksBuildPhase;
			buildActionMask = 2147483647;
			files = (
			);
			runOnlyForDeploymentPostprocessing = 0;
		};
		CC6997F02879490A00D1320A /* Frameworks */ = {
			isa = PBXFrameworksBuildPhase;
			buildActionMask = 2147483647;
			files = (
			);
			runOnlyForDeploymentPostprocessing = 0;
		};
		CC6997FB2879490A00D1320A /* Frameworks */ = {
			isa = PBXFrameworksBuildPhase;
			buildActionMask = 2147483647;
			files = (
			);
			runOnlyForDeploymentPostprocessing = 0;
		};
/* End PBXFrameworksBuildPhase section */

/* Begin PBXGroup section */
		CC6997D12879490400D1320A = {
			isa = PBXGroup;
			children = (
				CC6997DC2879490400D1320A /* Favourite Movies */,
				CC6997F62879490A00D1320A /* Favourite MoviesTests */,
				CC6998012879490A00D1320A /* Favourite MoviesUITests */,
				CC6997DB2879490400D1320A /* Products */,
			);
			sourceTree = "<group>";
		};
		CC6997DB2879490400D1320A /* Products */ = {
			isa = PBXGroup;
			children = (
				CC6997DA2879490400D1320A /* Favourite Movies.app */,
				CC6997F32879490A00D1320A /* Favourite MoviesTests.xctest */,
				CC6997FE2879490A00D1320A /* Favourite MoviesUITests.xctest */,
			);
			name = Products;
			sourceTree = "<group>";
		};
		CC6997DC2879490400D1320A /* Favourite Movies */ = {
			isa = PBXGroup;
			children = (
				CC6997DD2879490400D1320A /* AppDelegate.swift */,
				CC6997DF2879490400D1320A /* SceneDelegate.swift */,
				CC69982928794E5600D1320A /* NetworkManager */,
				CC69981E28794C9600D1320A /* Modules */,
				CC69982528794DCB00D1320A /* Utilities */,
				CC6997E92879490A00D1320A /* Assets.xcassets */,
				CC6997EB2879490A00D1320A /* LaunchScreen.storyboard */,
				CC6997EE2879490A00D1320A /* Info.plist */,
				CC6997E62879490400D1320A /* Favourite_Movies.xcdatamodeld */,
			);
			path = "Favourite Movies";
			sourceTree = "<group>";
		};
		CC6997F62879490A00D1320A /* Favourite MoviesTests */ = {
			isa = PBXGroup;
			children = (
				CC6997F72879490A00D1320A /* Favourite_MoviesTests.swift */,
				CC6997F92879490A00D1320A /* Info.plist */,
			);
			path = "Favourite MoviesTests";
			sourceTree = "<group>";
		};
		CC6998012879490A00D1320A /* Favourite MoviesUITests */ = {
			isa = PBXGroup;
			children = (
				CC6998022879490A00D1320A /* Favourite_MoviesUITests.swift */,
				CC6998042879490A00D1320A /* Info.plist */,
			);
			path = "Favourite MoviesUITests";
			sourceTree = "<group>";
		};
		CC69981E28794C9600D1320A /* Modules */ = {
			isa = PBXGroup;
			children = (
				CC69981F28794CB500D1320A /* MovieList */,
			);
			path = Modules;
			sourceTree = "<group>";
		};
		CC69981F28794CB500D1320A /* MovieList */ = {
			isa = PBXGroup;
			children = (
				CC69982028794CF100D1320A /* ServiceManager */,
				CC69982328794D3500D1320A /* Model */,
				CC69982128794D0000D1320A /* ViewModel */,
				CC69982228794D2900D1320A /* ViewController */,
				CC69982428794D3E00D1320A /* Views */,
			);
			path = MovieList;
			sourceTree = "<group>";
		};
		CC69982028794CF100D1320A /* ServiceManager */ = {
			isa = PBXGroup;
			children = (
				CC6998822879BB3F00D1320A /* MovieServiceManager.swift */,
			);
			path = ServiceManager;
			sourceTree = "<group>";
		};
		CC69982128794D0000D1320A /* ViewModel */ = {
			isa = PBXGroup;
			children = (
				CC6998772879B40E00D1320A /* MovieListingViewModel.swift */,
				CC6998A62879D6C700D1320A /* MovieDetailViewModel.swift */,
			);
			path = ViewModel;
			sourceTree = "<group>";
		};
		CC69982228794D2900D1320A /* ViewController */ = {
			isa = PBXGroup;
			children = (
				CC69981928794C5D00D1320A /* MovieListingViewController.swift */,
				CC6998A12879D69700D1320A /* MovieDetailViewController.swift */,
				CC6997E32879490400D1320A /* Main.storyboard */,
			);
			path = ViewController;
			sourceTree = "<group>";
		};
		CC69982328794D3500D1320A /* Model */ = {
			isa = PBXGroup;
			children = (
				CC6998812879BA9D00D1320A /* ResponseModel */,
				CC6998882879BB8D00D1320A /* RequestModel */,
			);
			path = Model;
			sourceTree = "<group>";
		};
		CC69982428794D3E00D1320A /* Views */ = {
			isa = PBXGroup;
			children = (
				CC6998932879C05400D1320A /* MovieDescrptionCell.swift */,
				CC69988E2879C04700D1320A /* MovieDescrptionCell.xib */,
			);
			path = Views;
			sourceTree = "<group>";
		};
		CC69982528794DCB00D1320A /* Utilities */ = {
			isa = PBXGroup;
			children = (
				CC8B69E3287AB2920099FAF6 /* PersistanceService */,
				CC69983E2879505B00D1320A /* CustomViews */,
				CC69982628794DE600D1320A /* Bindable */,
				CC69982728794DF500D1320A /* Constants */,
				CC69982828794E0500D1320A /* Extensions */,
			);
			path = Utilities;
			sourceTree = "<group>";
		};
		CC69982628794DE600D1320A /* Bindable */ = {
			isa = PBXGroup;
			children = (
				CC6998652879534C00D1320A /* Bindable.swift */,
			);
			path = Bindable;
			sourceTree = "<group>";
		};
		CC69982728794DF500D1320A /* Constants */ = {
			isa = PBXGroup;
			children = (
				CC69986A2879538700D1320A /* Constant.swift */,
				CC69986F2879539E00D1320A /* API.swift */,
			);
			path = Constants;
			sourceTree = "<group>";
		};
		CC69982828794E0500D1320A /* Extensions */ = {
			isa = PBXGroup;
			children = (
				CC69982C28794F7100D1320A /* UIStoryBoard+Extension.swift */,
				CC69983428794FBD00D1320A /* UIViewController+Extension.swift */,
				CC6998392879504900D1320A /* String+Extension.swift */,
			);
			path = Extensions;
			sourceTree = "<group>";
		};
		CC69982928794E5600D1320A /* NetworkManager */ = {
			isa = PBXGroup;
			children = (
				CC69982A28794E6D00D1320A /* ServiceManager */,
				CC69982B28794E9100D1320A /* Models */,
			);
			path = NetworkManager;
			sourceTree = "<group>";
		};
		CC69982A28794E6D00D1320A /* ServiceManager */ = {
			isa = PBXGroup;
			children = (
				CC6998472879527000D1320A /* NetworkManager.swift */,
				CC69984C2879529200D1320A /* ResponseHandler.swift */,
				CC699851287952A800D1320A /* APIHandler.swift */,
				CC8B69D2287AAE490099FAF6 /* InternetConnectionManager.swift */,
			);
			path = ServiceManager;
			sourceTree = "<group>";
		};
		CC69982B28794E9100D1320A /* Models */ = {
			isa = PBXGroup;
			children = (
				CC699856287952DF00D1320A /* RequestModel.swift */,
				CC69985B287952F900D1320A /* ErrorModel.swift */,
				CC6998602879531600D1320A /* BaseViewModel.swift */,
			);
			path = Models;
			sourceTree = "<group>";
		};
		CC69983E2879505B00D1320A /* CustomViews */ = {
			isa = PBXGroup;
			children = (
				CC69983F2879509E00D1320A /* DynamicImageView.swift */,
			);
			path = CustomViews;
			sourceTree = "<group>";
		};
		CC6998812879BA9D00D1320A /* ResponseModel */ = {
			isa = PBXGroup;
			children = (
				CC69987C2879B86300D1320A /* MovieList.swift */,
				CC8B69CD287A85F50099FAF6 /* MovieDetails.swift */,
			);
			path = ResponseModel;
			sourceTree = "<group>";
		};
		CC6998882879BB8D00D1320A /* RequestModel */ = {
			isa = PBXGroup;
			children = (
				CC6998892879BBBD00D1320A /* MoviesListRequestModel.swift */,
				CC8B69C8287A84FB0099FAF6 /* MovieDetailRequestModel.swift */,
			);
			path = RequestModel;
			sourceTree = "<group>";
		};
		CC8B69E3287AB2920099FAF6 /* PersistanceService */ = {
			isa = PBXGroup;
			children = (
				CC8B69E4287AB2AF0099FAF6 /* PersistanceService.swift */,
			);
			path = PersistanceService;
			sourceTree = "<group>";
		};
/* End PBXGroup section */

/* Begin PBXNativeTarget section */
		CC6997D92879490400D1320A /* Favourite Movies */ = {
			isa = PBXNativeTarget;
			buildConfigurationList = CC6998072879490A00D1320A /* Build configuration list for PBXNativeTarget "Favourite Movies" */;
			buildPhases = (
				CC6997D62879490400D1320A /* Sources */,
				CC6997D72879490400D1320A /* Frameworks */,
				CC6997D82879490400D1320A /* Resources */,
			);
			buildRules = (
			);
			dependencies = (
			);
			name = "Favourite Movies";
			productName = "Favourite Movies";
			productReference = CC6997DA2879490400D1320A /* Favourite Movies.app */;
			productType = "com.apple.product-type.application";
		};
		CC6997F22879490A00D1320A /* Favourite MoviesTests */ = {
			isa = PBXNativeTarget;
			buildConfigurationList = CC69980A2879490A00D1320A /* Build configuration list for PBXNativeTarget "Favourite MoviesTests" */;
			buildPhases = (
				CC6997EF2879490A00D1320A /* Sources */,
				CC6997F02879490A00D1320A /* Frameworks */,
				CC6997F12879490A00D1320A /* Resources */,
			);
			buildRules = (
			);
			dependencies = (
				CC6997F52879490A00D1320A /* PBXTargetDependency */,
			);
			name = "Favourite MoviesTests";
			productName = "Favourite MoviesTests";
			productReference = CC6997F32879490A00D1320A /* Favourite MoviesTests.xctest */;
			productType = "com.apple.product-type.bundle.unit-test";
		};
		CC6997FD2879490A00D1320A /* Favourite MoviesUITests */ = {
			isa = PBXNativeTarget;
			buildConfigurationList = CC69980D2879490A00D1320A /* Build configuration list for PBXNativeTarget "Favourite MoviesUITests" */;
			buildPhases = (
				CC6997FA2879490A00D1320A /* Sources */,
				CC6997FB2879490A00D1320A /* Frameworks */,
				CC6997FC2879490A00D1320A /* Resources */,
			);
			buildRules = (
			);
			dependencies = (
				CC6998002879490A00D1320A /* PBXTargetDependency */,
			);
			name = "Favourite MoviesUITests";
			productName = "Favourite MoviesUITests";
			productReference = CC6997FE2879490A00D1320A /* Favourite MoviesUITests.xctest */;
			productType = "com.apple.product-type.bundle.ui-testing";
		};
/* End PBXNativeTarget section */

/* Begin PBXProject section */
		CC6997D22879490400D1320A /* Project object */ = {
			isa = PBXProject;
			attributes = {
				LastSwiftUpdateCheck = 1230;
				LastUpgradeCheck = 1230;
				TargetAttributes = {
					CC6997D92879490400D1320A = {
						CreatedOnToolsVersion = 12.3;
					};
					CC6997F22879490A00D1320A = {
						CreatedOnToolsVersion = 12.3;
						TestTargetID = CC6997D92879490400D1320A;
					};
					CC6997FD2879490A00D1320A = {
						CreatedOnToolsVersion = 12.3;
						TestTargetID = CC6997D92879490400D1320A;
					};
				};
			};
			buildConfigurationList = CC6997D52879490400D1320A /* Build configuration list for PBXProject "Favourite Movies" */;
			compatibilityVersion = "Xcode 9.3";
			developmentRegion = en;
			hasScannedForEncodings = 0;
			knownRegions = (
				en,
				Base,
			);
			mainGroup = CC6997D12879490400D1320A;
			productRefGroup = CC6997DB2879490400D1320A /* Products */;
			projectDirPath = "";
			projectRoot = "";
			targets = (
				CC6997D92879490400D1320A /* Favourite Movies */,
				CC6997F22879490A00D1320A /* Favourite MoviesTests */,
				CC6997FD2879490A00D1320A /* Favourite MoviesUITests */,
			);
		};
/* End PBXProject section */

/* Begin PBXResourcesBuildPhase section */
		CC6997D82879490400D1320A /* Resources */ = {
			isa = PBXResourcesBuildPhase;
			buildActionMask = 2147483647;
			files = (
				CC6997ED2879490A00D1320A /* LaunchScreen.storyboard in Resources */,
				CC6997EA2879490A00D1320A /* Assets.xcassets in Resources */,
				CC6997E52879490400D1320A /* Main.storyboard in Resources */,
				CC69988F2879C04700D1320A /* MovieDescrptionCell.xib in Resources */,
			);
			runOnlyForDeploymentPostprocessing = 0;
		};
		CC6997F12879490A00D1320A /* Resources */ = {
			isa = PBXResourcesBuildPhase;
			buildActionMask = 2147483647;
			files = (
			);
			runOnlyForDeploymentPostprocessing = 0;
		};
		CC6997FC2879490A00D1320A /* Resources */ = {
			isa = PBXResourcesBuildPhase;
			buildActionMask = 2147483647;
			files = (
			);
			runOnlyForDeploymentPostprocessing = 0;
		};
/* End PBXResourcesBuildPhase section */

/* Begin PBXSourcesBuildPhase section */
		CC6997D62879490400D1320A /* Sources */ = {
			isa = PBXSourcesBuildPhase;
			buildActionMask = 2147483647;
			files = (
				CC6998482879527000D1320A /* NetworkManager.swift in Sources */,
				CC69983528794FBD00D1320A /* UIViewController+Extension.swift in Sources */,
				CC69983A2879504900D1320A /* String+Extension.swift in Sources */,
				CC69986B2879538700D1320A /* Constant.swift in Sources */,
				CC8B69C9287A84FB0099FAF6 /* MovieDetailRequestModel.swift in Sources */,
				CC8B69E5287AB2AF0099FAF6 /* PersistanceService.swift in Sources */,
				CC6998A22879D69700D1320A /* MovieDetailViewController.swift in Sources */,
				CC6998612879531600D1320A /* BaseViewModel.swift in Sources */,
				CC69984D2879529200D1320A /* ResponseHandler.swift in Sources */,
				CC6998662879534C00D1320A /* Bindable.swift in Sources */,
				CC6998942879C05400D1320A /* MovieDescrptionCell.swift in Sources */,
				CC699852287952A800D1320A /* APIHandler.swift in Sources */,
				CC6998832879BB3F00D1320A /* MovieServiceManager.swift in Sources */,
				CC69985C287952F900D1320A /* ErrorModel.swift in Sources */,
				CC69981A28794C5D00D1320A /* MovieListingViewController.swift in Sources */,
				CC6998782879B40E00D1320A /* MovieListingViewModel.swift in Sources */,
				CC6997E82879490400D1320A /* Favourite_Movies.xcdatamodeld in Sources */,
				CC69987D2879B86300D1320A /* MovieList.swift in Sources */,
				CC8B69CE287A85F50099FAF6 /* MovieDetails.swift in Sources */,
				CC6998402879509E00D1320A /* DynamicImageView.swift in Sources */,
				CC6997DE2879490400D1320A /* AppDelegate.swift in Sources */,
				CC6997E02879490400D1320A /* SceneDelegate.swift in Sources */,
				CC8B69D3287AAE490099FAF6 /* InternetConnectionManager.swift in Sources */,
				CC69982D28794F7100D1320A /* UIStoryBoard+Extension.swift in Sources */,
				CC6998A72879D6C700D1320A /* MovieDetailViewModel.swift in Sources */,
				CC6998702879539E00D1320A /* API.swift in Sources */,
				CC69988A2879BBBD00D1320A /* MoviesListRequestModel.swift in Sources */,
				CC699857287952DF00D1320A /* RequestModel.swift in Sources */,
			);
			runOnlyForDeploymentPostprocessing = 0;
		};
		CC6997EF2879490A00D1320A /* Sources */ = {
			isa = PBXSourcesBuildPhase;
			buildActionMask = 2147483647;
			files = (
				CC6997F82879490A00D1320A /* Favourite_MoviesTests.swift in Sources */,
			);
			runOnlyForDeploymentPostprocessing = 0;
		};
		CC6997FA2879490A00D1320A /* Sources */ = {
			isa = PBXSourcesBuildPhase;
			buildActionMask = 2147483647;
			files = (
				CC6998032879490A00D1320A /* Favourite_MoviesUITests.swift in Sources */,
			);
			runOnlyForDeploymentPostprocessing = 0;
		};
/* End PBXSourcesBuildPhase section */

/* Begin PBXTargetDependency section */
		CC6997F52879490A00D1320A /* PBXTargetDependency */ = {
			isa = PBXTargetDependency;
			target = CC6997D92879490400D1320A /* Favourite Movies */;
			targetProxy = CC6997F42879490A00D1320A /* PBXContainerItemProxy */;
		};
		CC6998002879490A00D1320A /* PBXTargetDependency */ = {
			isa = PBXTargetDependency;
			target = CC6997D92879490400D1320A /* Favourite Movies */;
			targetProxy = CC6997FF2879490A00D1320A /* PBXContainerItemProxy */;
		};
/* End PBXTargetDependency section */

/* Begin PBXVariantGroup section */
		CC6997E32879490400D1320A /* Main.storyboard */ = {
			isa = PBXVariantGroup;
			children = (
				CC6997E42879490400D1320A /* Base */,
			);
			name = Main.storyboard;
			sourceTree = "<group>";
		};
		CC6997EB2879490A00D1320A /* LaunchScreen.storyboard */ = {
			isa = PBXVariantGroup;
			children = (
				CC6997EC2879490A00D1320A /* Base */,
			);
			name = LaunchScreen.storyboard;
			sourceTree = "<group>";
		};
/* End PBXVariantGroup section */

/* Begin XCBuildConfiguration section */
		CC6998052879490A00D1320A /* Debug */ = {
			isa = XCBuildConfiguration;
			buildSettings = {
				ALWAYS_SEARCH_USER_PATHS = NO;
				CLANG_ANALYZER_NONNULL = YES;
				CLANG_ANALYZER_NUMBER_OBJECT_CONVERSION = YES_AGGRESSIVE;
				CLANG_CXX_LANGUAGE_STANDARD = "gnu++14";
				CLANG_CXX_LIBRARY = "libc++";
				CLANG_ENABLE_MODULES = YES;
				CLANG_ENABLE_OBJC_ARC = YES;
				CLANG_ENABLE_OBJC_WEAK = YES;
				CLANG_WARN_BLOCK_CAPTURE_AUTORELEASING = YES;
				CLANG_WARN_BOOL_CONVERSION = YES;
				CLANG_WARN_COMMA = YES;
				CLANG_WARN_CONSTANT_CONVERSION = YES;
				CLANG_WARN_DEPRECATED_OBJC_IMPLEMENTATIONS = YES;
				CLANG_WARN_DIRECT_OBJC_ISA_USAGE = YES_ERROR;
				CLANG_WARN_DOCUMENTATION_COMMENTS = YES;
				CLANG_WARN_EMPTY_BODY = YES;
				CLANG_WARN_ENUM_CONVERSION = YES;
				CLANG_WARN_INFINITE_RECURSION = YES;
				CLANG_WARN_INT_CONVERSION = YES;
				CLANG_WARN_NON_LITERAL_NULL_CONVERSION = YES;
				CLANG_WARN_OBJC_IMPLICIT_RETAIN_SELF = YES;
				CLANG_WARN_OBJC_LITERAL_CONVERSION = YES;
				CLANG_WARN_OBJC_ROOT_CLASS = YES_ERROR;
				CLANG_WARN_QUOTED_INCLUDE_IN_FRAMEWORK_HEADER = YES;
				CLANG_WARN_RANGE_LOOP_ANALYSIS = YES;
				CLANG_WARN_STRICT_PROTOTYPES = YES;
				CLANG_WARN_SUSPICIOUS_MOVE = YES;
				CLANG_WARN_UNGUARDED_AVAILABILITY = YES_AGGRESSIVE;
				CLANG_WARN_UNREACHABLE_CODE = YES;
				CLANG_WARN__DUPLICATE_METHOD_MATCH = YES;
				COPY_PHASE_STRIP = NO;
				DEBUG_INFORMATION_FORMAT = dwarf;
				ENABLE_STRICT_OBJC_MSGSEND = YES;
				ENABLE_TESTABILITY = YES;
				GCC_C_LANGUAGE_STANDARD = gnu11;
				GCC_DYNAMIC_NO_PIC = NO;
				GCC_NO_COMMON_BLOCKS = YES;
				GCC_OPTIMIZATION_LEVEL = 0;
				GCC_PREPROCESSOR_DEFINITIONS = (
					"DEBUG=1",
					"$(inherited)",
				);
				GCC_WARN_64_TO_32_BIT_CONVERSION = YES;
				GCC_WARN_ABOUT_RETURN_TYPE = YES_ERROR;
				GCC_WARN_UNDECLARED_SELECTOR = YES;
				GCC_WARN_UNINITIALIZED_AUTOS = YES_AGGRESSIVE;
				GCC_WARN_UNUSED_FUNCTION = YES;
				GCC_WARN_UNUSED_VARIABLE = YES;
				IPHONEOS_DEPLOYMENT_TARGET = 14.3;
				MTL_ENABLE_DEBUG_INFO = INCLUDE_SOURCE;
				MTL_FAST_MATH = YES;
				ONLY_ACTIVE_ARCH = YES;
				SDKROOT = iphoneos;
				SWIFT_ACTIVE_COMPILATION_CONDITIONS = DEBUG;
				SWIFT_OPTIMIZATION_LEVEL = "-Onone";
			};
			name = Debug;
		};
		CC6998062879490A00D1320A /* Release */ = {
			isa = XCBuildConfiguration;
			buildSettings = {
				ALWAYS_SEARCH_USER_PATHS = NO;
				CLANG_ANALYZER_NONNULL = YES;
				CLANG_ANALYZER_NUMBER_OBJECT_CONVERSION = YES_AGGRESSIVE;
				CLANG_CXX_LANGUAGE_STANDARD = "gnu++14";
				CLANG_CXX_LIBRARY = "libc++";
				CLANG_ENABLE_MODULES = YES;
				CLANG_ENABLE_OBJC_ARC = YES;
				CLANG_ENABLE_OBJC_WEAK = YES;
				CLANG_WARN_BLOCK_CAPTURE_AUTORELEASING = YES;
				CLANG_WARN_BOOL_CONVERSION = YES;
				CLANG_WARN_COMMA = YES;
				CLANG_WARN_CONSTANT_CONVERSION = YES;
				CLANG_WARN_DEPRECATED_OBJC_IMPLEMENTATIONS = YES;
				CLANG_WARN_DIRECT_OBJC_ISA_USAGE = YES_ERROR;
				CLANG_WARN_DOCUMENTATION_COMMENTS = YES;
				CLANG_WARN_EMPTY_BODY = YES;
				CLANG_WARN_ENUM_CONVERSION = YES;
				CLANG_WARN_INFINITE_RECURSION = YES;
				CLANG_WARN_INT_CONVERSION = YES;
				CLANG_WARN_NON_LITERAL_NULL_CONVERSION = YES;
				CLANG_WARN_OBJC_IMPLICIT_RETAIN_SELF = YES;
				CLANG_WARN_OBJC_LITERAL_CONVERSION = YES;
				CLANG_WARN_OBJC_ROOT_CLASS = YES_ERROR;
				CLANG_WARN_QUOTED_INCLUDE_IN_FRAMEWORK_HEADER = YES;
				CLANG_WARN_RANGE_LOOP_ANALYSIS = YES;
				CLANG_WARN_STRICT_PROTOTYPES = YES;
				CLANG_WARN_SUSPICIOUS_MOVE = YES;
				CLANG_WARN_UNGUARDED_AVAILABILITY = YES_AGGRESSIVE;
				CLANG_WARN_UNREACHABLE_CODE = YES;
				CLANG_WARN__DUPLICATE_METHOD_MATCH = YES;
				COPY_PHASE_STRIP = NO;
				DEBUG_INFORMATION_FORMAT = "dwarf-with-dsym";
				ENABLE_NS_ASSERTIONS = NO;
				ENABLE_STRICT_OBJC_MSGSEND = YES;
				GCC_C_LANGUAGE_STANDARD = gnu11;
				GCC_NO_COMMON_BLOCKS = YES;
				GCC_WARN_64_TO_32_BIT_CONVERSION = YES;
				GCC_WARN_ABOUT_RETURN_TYPE = YES_ERROR;
				GCC_WARN_UNDECLARED_SELECTOR = YES;
				GCC_WARN_UNINITIALIZED_AUTOS = YES_AGGRESSIVE;
				GCC_WARN_UNUSED_FUNCTION = YES;
				GCC_WARN_UNUSED_VARIABLE = YES;
				IPHONEOS_DEPLOYMENT_TARGET = 14.3;
				MTL_ENABLE_DEBUG_INFO = NO;
				MTL_FAST_MATH = YES;
				SDKROOT = iphoneos;
				SWIFT_COMPILATION_MODE = wholemodule;
				SWIFT_OPTIMIZATION_LEVEL = "-O";
				VALIDATE_PRODUCT = YES;
			};
			name = Release;
		};
		CC6998082879490A00D1320A /* Debug */ = {
			isa = XCBuildConfiguration;
			buildSettings = {
				ASSETCATALOG_COMPILER_APPICON_NAME = AppIcon;
				ASSETCATALOG_COMPILER_GLOBAL_ACCENT_COLOR_NAME = AccentColor;
				CODE_SIGN_STYLE = Automatic;
				INFOPLIST_FILE = "Favourite Movies/Info.plist";
				LD_RUNPATH_SEARCH_PATHS = (
					"$(inherited)",
					"@executable_path/Frameworks",
				);
				PRODUCT_BUNDLE_IDENTIFIER = "com.ashrith.com.Favourite-Movies";
				PRODUCT_NAME = "$(TARGET_NAME)";
				SWIFT_VERSION = 5.0;
				TARGETED_DEVICE_FAMILY = "1,2";
			};
			name = Debug;
		};
		CC6998092879490A00D1320A /* Release */ = {
			isa = XCBuildConfiguration;
			buildSettings = {
				ASSETCATALOG_COMPILER_APPICON_NAME = AppIcon;
				ASSETCATALOG_COMPILER_GLOBAL_ACCENT_COLOR_NAME = AccentColor;
				CODE_SIGN_STYLE = Automatic;
				INFOPLIST_FILE = "Favourite Movies/Info.plist";
				LD_RUNPATH_SEARCH_PATHS = (
					"$(inherited)",
					"@executable_path/Frameworks",
				);
				PRODUCT_BUNDLE_IDENTIFIER = "com.ashrith.com.Favourite-Movies";
				PRODUCT_NAME = "$(TARGET_NAME)";
				SWIFT_VERSION = 5.0;
				TARGETED_DEVICE_FAMILY = "1,2";
			};
			name = Release;
		};
		CC69980B2879490A00D1320A /* Debug */ = {
			isa = XCBuildConfiguration;
			buildSettings = {
				ALWAYS_EMBED_SWIFT_STANDARD_LIBRARIES = YES;
				BUNDLE_LOADER = "$(TEST_HOST)";
				CODE_SIGN_STYLE = Automatic;
				INFOPLIST_FILE = "Favourite MoviesTests/Info.plist";
				IPHONEOS_DEPLOYMENT_TARGET = 14.3;
				LD_RUNPATH_SEARCH_PATHS = (
					"$(inherited)",
					"@executable_path/Frameworks",
					"@loader_path/Frameworks",
				);
				PRODUCT_BUNDLE_IDENTIFIER = "com.ashrith.com.Favourite-MoviesTests";
				PRODUCT_NAME = "$(TARGET_NAME)";
				SWIFT_VERSION = 5.0;
				TARGETED_DEVICE_FAMILY = "1,2";
				TEST_HOST = "$(BUILT_PRODUCTS_DIR)/Favourite Movies.app/Favourite Movies";
			};
			name = Debug;
		};
		CC69980C2879490A00D1320A /* Release */ = {
			isa = XCBuildConfiguration;
			buildSettings = {
				ALWAYS_EMBED_SWIFT_STANDARD_LIBRARIES = YES;
				BUNDLE_LOADER = "$(TEST_HOST)";
				CODE_SIGN_STYLE = Automatic;
				INFOPLIST_FILE = "Favourite MoviesTests/Info.plist";
				IPHONEOS_DEPLOYMENT_TARGET = 14.3;
				LD_RUNPATH_SEARCH_PATHS = (
					"$(inherited)",
					"@executable_path/Frameworks",
					"@loader_path/Frameworks",
				);
				PRODUCT_BUNDLE_IDENTIFIER = "com.ashrith.com.Favourite-MoviesTests";
				PRODUCT_NAME = "$(TARGET_NAME)";
				SWIFT_VERSION = 5.0;
				TARGETED_DEVICE_FAMILY = "1,2";
				TEST_HOST = "$(BUILT_PRODUCTS_DIR)/Favourite Movies.app/Favourite Movies";
			};
			name = Release;
		};
		CC69980E2879490A00D1320A /* Debug */ = {
			isa = XCBuildConfiguration;
			buildSettings = {
				ALWAYS_EMBED_SWIFT_STANDARD_LIBRARIES = YES;
				CODE_SIGN_STYLE = Automatic;
				INFOPLIST_FILE = "Favourite MoviesUITests/Info.plist";
				LD_RUNPATH_SEARCH_PATHS = (
					"$(inherited)",
					"@executable_path/Frameworks",
					"@loader_path/Frameworks",
				);
				PRODUCT_BUNDLE_IDENTIFIER = "com.ashrith.com.Favourite-MoviesUITests";
				PRODUCT_NAME = "$(TARGET_NAME)";
				SWIFT_VERSION = 5.0;
				TARGETED_DEVICE_FAMILY = "1,2";
				TEST_TARGET_NAME = "Favourite Movies";
			};
			name = Debug;
		};
		CC69980F2879490A00D1320A /* Release */ = {
			isa = XCBuildConfiguration;
			buildSettings = {
				ALWAYS_EMBED_SWIFT_STANDARD_LIBRARIES = YES;
				CODE_SIGN_STYLE = Automatic;
				INFOPLIST_FILE = "Favourite MoviesUITests/Info.plist";
				LD_RUNPATH_SEARCH_PATHS = (
					"$(inherited)",
					"@executable_path/Frameworks",
					"@loader_path/Frameworks",
				);
				PRODUCT_BUNDLE_IDENTIFIER = "com.ashrith.com.Favourite-MoviesUITests";
				PRODUCT_NAME = "$(TARGET_NAME)";
				SWIFT_VERSION = 5.0;
				TARGETED_DEVICE_FAMILY = "1,2";
				TEST_TARGET_NAME = "Favourite Movies";
			};
			name = Release;
		};
/* End XCBuildConfiguration section */

/* Begin XCConfigurationList section */
		CC6997D52879490400D1320A /* Build configuration list for PBXProject "Favourite Movies" */ = {
			isa = XCConfigurationList;
			buildConfigurations = (
				CC6998052879490A00D1320A /* Debug */,
				CC6998062879490A00D1320A /* Release */,
			);
			defaultConfigurationIsVisible = 0;
			defaultConfigurationName = Release;
		};
		CC6998072879490A00D1320A /* Build configuration list for PBXNativeTarget "Favourite Movies" */ = {
			isa = XCConfigurationList;
			buildConfigurations = (
				CC6998082879490A00D1320A /* Debug */,
				CC6998092879490A00D1320A /* Release */,
			);
			defaultConfigurationIsVisible = 0;
			defaultConfigurationName = Release;
		};
		CC69980A2879490A00D1320A /* Build configuration list for PBXNativeTarget "Favourite MoviesTests" */ = {
			isa = XCConfigurationList;
			buildConfigurations = (
				CC69980B2879490A00D1320A /* Debug */,
				CC69980C2879490A00D1320A /* Release */,
			);
			defaultConfigurationIsVisible = 0;
			defaultConfigurationName = Release;
		};
		CC69980D2879490A00D1320A /* Build configuration list for PBXNativeTarget "Favourite MoviesUITests" */ = {
			isa = XCConfigurationList;
			buildConfigurations = (
				CC69980E2879490A00D1320A /* Debug */,
				CC69980F2879490A00D1320A /* Release */,
			);
			defaultConfigurationIsVisible = 0;
			defaultConfigurationName = Release;
		};
/* End XCConfigurationList section */

/* Begin XCVersionGroup section */
		CC6997E62879490400D1320A /* Favourite_Movies.xcdatamodeld */ = {
			isa = XCVersionGroup;
			children = (
				CC6997E72879490400D1320A /* Favourite_Movies.xcdatamodel */,
			);
			currentVersion = CC6997E72879490400D1320A /* Favourite_Movies.xcdatamodel */;
			path = Favourite_Movies.xcdatamodeld;
			sourceTree = "<group>";
			versionGroupType = wrapper.xcdatamodel;
		};
/* End XCVersionGroup section */
	};
	rootObject = CC6997D22879490400D1320A /* Project object */;
}
